
Microsoft Visual Studio Solution File, Format Version 12.00
# Visual Studio Version 16
VisualStudioVersion = 16.0.30413.136
MinimumVisualStudioVersion = 10.0.40219.1
Project("{FAE04EC0-301F-11D3-BF4B-00C04F79EFBC}") = "InputOutput", "InputOutput\InputOutput.csproj", "{A8E3A470-1509-4BA9-AE6B-04AD10E883C6}"
EndProject
Global
	GlobalSection(SolutionConfigurationPlatforms) = preSolution
		Debug|Any CPU = Debug|Any CPU
		Release|Any CPU = Release|Any CPU
	EndGlobalSection
	GlobalSection(ProjectConfigurationPlatforms) = postSolution
		{A8E3A470-1509-4BA9-AE6B-04AD10E883C6}.Debug|Any CPU.ActiveCfg = Debug|Any CPU
		{A8E3A470-1509-4BA9-AE6B-04AD10E883C6}.Debug|Any CPU.Build.0 = Debug|Any CPU
		{A8E3A470-1509-4BA9-AE6B-04AD10E883C6}.Release|Any CPU.ActiveCfg = Release|Any CPU
		{A8E3A470-1509-4BA9-AE6B-04AD10E883C6}.Release|Any CPU.Build.0 = Release|Any CPU
	EndGlobalSection
	GlobalSection(SolutionProperties) = preSolution
		HideSolutionNode = FALSE
	EndGlobalSection
	GlobalSection(ExtensibilityGlobals) = postSolution
		SolutionGuid = {173B2942-2488-4BEF-B153-5BED19285EB1}
	EndGlobalSection
EndGlobal
